// !$*UTF8*$!
{
	archiveVersion = 1;
	classes = {
	};
	objectVersion = 50;
	objects = {

/* Begin PBXBuildFile section */
		7795BDC823890C8400A22D4B /* main.cpp in Sources */ = {isa = PBXBuildFile; fileRef = 7795BDC723890C8400A22D4B /* main.cpp */; };
		7795BDD223890D8600A22D4B /* arraylib.cpp in Sources */ = {isa = PBXBuildFile; fileRef = 7795BDD023890D8600A22D4B /* arraylib.cpp */; };
		7795BDF223891C0C00A22D4B /* Array_Sum_OOP_Tests.m in Sources */ = {isa = PBXBuildFile; fileRef = 7795BDF123891C0C00A22D4B /* Array_Sum_OOP_Tests.m */; };
		7795BDF723891C1500A22D4B /* arraylib.cpp in Sources */ = {isa = PBXBuildFile; fileRef = 7795BDD023890D8600A22D4B /* arraylib.cpp */; };
/* End PBXBuildFile section */

/* Begin PBXCopyFilesBuildPhase section */
		7795BDC223890C8400A22D4B /* CopyFiles */ = {
			isa = PBXCopyFilesBuildPhase;
			buildActionMask = 2147483647;
			dstPath = /usr/share/man/man1/;
			dstSubfolderSpec = 0;
			files = (
			);
			runOnlyForDeploymentPostprocessing = 1;
		};
/* End PBXCopyFilesBuildPhase section */

/* Begin PBXFileReference section */
		7795BDC423890C8400A22D4B /* Array Sum OOP */ = {isa = PBXFileReference; explicitFileType = "compiled.mach-o.executable"; includeInIndex = 0; path = "Array Sum OOP"; sourceTree = BUILT_PRODUCTS_DIR; };
		7795BDC723890C8400A22D4B /* main.cpp */ = {isa = PBXFileReference; lastKnownFileType = sourcecode.cpp.cpp; path = main.cpp; sourceTree = "<group>"; };
		7795BDD023890D8600A22D4B /* arraylib.cpp */ = {isa = PBXFileReference; lastKnownFileType = sourcecode.cpp.cpp; path = arraylib.cpp; sourceTree = "<group>"; };
		7795BDD123890D8600A22D4B /* arraylib.hpp */ = {isa = PBXFileReference; lastKnownFileType = sourcecode.cpp.h; path = arraylib.hpp; sourceTree = "<group>"; };
		7795BDEF23891C0C00A22D4B /* Array Sum OOP Tests.xctest */ = {isa = PBXFileReference; explicitFileType = wrapper.cfbundle; includeInIndex = 0; path = "Array Sum OOP Tests.xctest"; sourceTree = BUILT_PRODUCTS_DIR; };
		7795BDF123891C0C00A22D4B /* Array_Sum_OOP_Tests.m */ = {isa = PBXFileReference; explicitFileType = sourcecode.cpp.objcpp; path = Array_Sum_OOP_Tests.m; sourceTree = "<group>"; };
		7795BDF323891C0C00A22D4B /* Info.plist */ = {isa = PBXFileReference; lastKnownFileType = text.plist.xml; path = Info.plist; sourceTree = "<group>"; };
/* End PBXFileReference section */

/* Begin PBXFrameworksBuildPhase section */
		7795BDC123890C8400A22D4B /* Frameworks */ = {
			isa = PBXFrameworksBuildPhase;
			buildActionMask = 2147483647;
			files = (
			);
			runOnlyForDeploymentPostprocessing = 0;
		};
		7795BDEC23891C0C00A22D4B /* Frameworks */ = {
			isa = PBXFrameworksBuildPhase;
			buildActionMask = 2147483647;
			files = (
			);
			runOnlyForDeploymentPostprocessing = 0;
		};
/* End PBXFrameworksBuildPhase section */

/* Begin PBXGroup section */
		7795BDBB23890C8400A22D4B = {
			isa = PBXGroup;
			children = (
				7795BDC623890C8400A22D4B /* Array Sum OOP */,
				7795BDF023891C0C00A22D4B /* Array Sum OOP Tests */,
				7795BDC523890C8400A22D4B /* Products */,
			);
			sourceTree = "<group>";
		};
		7795BDC523890C8400A22D4B /* Products */ = {
			isa = PBXGroup;
			children = (
				7795BDC423890C8400A22D4B /* Array Sum OOP */,
				7795BDEF23891C0C00A22D4B /* Array Sum OOP Tests.xctest */,
			);
			name = Products;
			sourceTree = "<group>";
		};
		7795BDC623890C8400A22D4B /* Array Sum OOP */ = {
			isa = PBXGroup;
			children = (
				7795BDCF23890CCF00A22D4B /* include */,
				7795BDCE23890CCC00A22D4B /* src */,
				7795BDC723890C8400A22D4B /* main.cpp */,
			);
			path = "Array Sum OOP";
			sourceTree = "<group>";
		};
		7795BDCE23890CCC00A22D4B /* src */ = {
			isa = PBXGroup;
			children = (
				7795BDD023890D8600A22D4B /* arraylib.cpp */,
			);
			path = src;
			sourceTree = "<group>";
		};
		7795BDCF23890CCF00A22D4B /* include */ = {
			isa = PBXGroup;
			children = (
				7795BDD123890D8600A22D4B /* arraylib.hpp */,
			);
			path = include;
			sourceTree = "<group>";
		};
		7795BDF023891C0C00A22D4B /* Array Sum OOP Tests */ = {
			isa = PBXGroup;
			children = (
				7795BDF123891C0C00A22D4B /* Array_Sum_OOP_Tests.m */,
				7795BDF323891C0C00A22D4B /* Info.plist */,
			);
			path = "Array Sum OOP Tests";
			sourceTree = "<group>";
		};
/* End PBXGroup section */

/* Begin PBXNativeTarget section */
		7795BDC323890C8400A22D4B /* Array Sum OOP */ = {
			isa = PBXNativeTarget;
			buildConfigurationList = 7795BDCB23890C8400A22D4B /* Build configuration list for PBXNativeTarget "Array Sum OOP" */;
			buildPhases = (
				7795BDC023890C8400A22D4B /* Sources */,
				7795BDC123890C8400A22D4B /* Frameworks */,
				7795BDC223890C8400A22D4B /* CopyFiles */,
			);
			buildRules = (
			);
			dependencies = (
			);
			name = "Array Sum OOP";
			productName = "Array Sum OOP";
			productReference = 7795BDC423890C8400A22D4B /* Array Sum OOP */;
			productType = "com.apple.product-type.tool";
		};
		7795BDEE23891C0C00A22D4B /* Array Sum OOP Tests */ = {
			isa = PBXNativeTarget;
			buildConfigurationList = 7795BDF423891C0C00A22D4B /* Build configuration list for PBXNativeTarget "Array Sum OOP Tests" */;
			buildPhases = (
				7795BDEB23891C0C00A22D4B /* Sources */,
				7795BDEC23891C0C00A22D4B /* Frameworks */,
				7795BDED23891C0C00A22D4B /* Resources */,
			);
			buildRules = (
			);
			dependencies = (
			);
			name = "Array Sum OOP Tests";
			productName = "Array Sum OOP Tests";
			productReference = 7795BDEF23891C0C00A22D4B /* Array Sum OOP Tests.xctest */;
			productType = "com.apple.product-type.bundle.unit-test";
		};
/* End PBXNativeTarget section */

/* Begin PBXProject section */
		7795BDBC23890C8400A22D4B /* Project object */ = {
			isa = PBXProject;
			attributes = {
				LastSwiftUpdateCheck = 1030;
				LastUpgradeCheck = 1030;
				ORGANIZATIONNAME = "Eduard Dzhumagaliev";
				TargetAttributes = {
					7795BDC323890C8400A22D4B = {
						CreatedOnToolsVersion = 10.3;
					};
					7795BDEE23891C0C00A22D4B = {
						CreatedOnToolsVersion = 10.3;
					};
				};
			};
			buildConfigurationList = 7795BDBF23890C8400A22D4B /* Build configuration list for PBXProject "Array Sum OOP" */;
			compatibilityVersion = "Xcode 9.3";
			developmentRegion = en;
			hasScannedForEncodings = 0;
			knownRegions = (
				en,
			);
			mainGroup = 7795BDBB23890C8400A22D4B;
			productRefGroup = 7795BDC523890C8400A22D4B /* Products */;
			projectDirPath = "";
			projectRoot = "";
			targets = (
				7795BDC323890C8400A22D4B /* Array Sum OOP */,
				7795BDEE23891C0C00A22D4B /* Array Sum OOP Tests */,
			);
		};
/* End PBXProject section */

/* Begin PBXResourcesBuildPhase section */
		7795BDED23891C0C00A22D4B /* Resources */ = {
			isa = PBXResourcesBuildPhase;
			buildActionMask = 2147483647;
			files = (
			);
			runOnlyForDeploymentPostprocessing = 0;
		};
/* End PBXResourcesBuildPhase section */

/* Begin PBXSourcesBuildPhase section */
		7795BDC023890C8400A22D4B /* Sources */ = {
			isa = PBXSourcesBuildPhase;
			buildActionMask = 2147483647;
			files = (
				7795BDC823890C8400A22D4B /* main.cpp in Sources */,
				7795BDD223890D8600A22D4B /* arraylib.cpp in Sources */,
			);
			runOnlyForDeploymentPostprocessing = 0;
		};
		7795BDEB23891C0C00A22D4B /* Sources */ = {
			isa = PBXSourcesBuildPhase;
			buildActionMask = 2147483647;
			files = (
				7795BDF223891C0C00A22D4B /* Array_Sum_OOP_Tests.m in Sources */,
				7795BDF723891C1500A22D4B /* arraylib.cpp in Sources */,
			);
			runOnlyForDeploymentPostprocessing = 0;
		};
/* End PBXSourcesBuildPhase section */

/* Begin XCBuildConfiguration section */
		7795BDC923890C8400A22D4B /* Debug */ = {
			isa = XCBuildConfiguration;
			buildSettings = {
				ALWAYS_SEARCH_USER_PATHS = NO;
				CLANG_ANALYZER_NONNULL = YES;
				CLANG_ANALYZER_NUMBER_OBJECT_CONVERSION = YES_AGGRESSIVE;
				CLANG_CXX_LANGUAGE_STANDARD = "gnu++14";
				CLANG_CXX_LIBRARY = "libc++";
				CLANG_ENABLE_MODULES = YES;
				CLANG_ENABLE_OBJC_ARC = YES;
				CLANG_ENABLE_OBJC_WEAK = YES;
				CLANG_WARN_BLOCK_CAPTURE_AUTORELEASING = YES;
				CLANG_WARN_BOOL_CONVERSION = YES;
				CLANG_WARN_COMMA = YES;
				CLANG_WARN_CONSTANT_CONVERSION = YES;
				CLANG_WARN_DEPRECATED_OBJC_IMPLEMENTATIONS = YES;
				CLANG_WARN_DIRECT_OBJC_ISA_USAGE = YES_ERROR;
				CLANG_WARN_DOCUMENTATION_COMMENTS = YES;
				CLANG_WARN_EMPTY_BODY = YES;
				CLANG_WARN_ENUM_CONVERSION = YES;
				CLANG_WARN_INFINITE_RECURSION = YES;
				CLANG_WARN_INT_CONVERSION = YES;
				CLANG_WARN_NON_LITERAL_NULL_CONVERSION = YES;
				CLANG_WARN_OBJC_IMPLICIT_RETAIN_SELF = YES;
				CLANG_WARN_OBJC_LITERAL_CONVERSION = YES;
				CLANG_WARN_OBJC_ROOT_CLASS = YES_ERROR;
				CLANG_WARN_RANGE_LOOP_ANALYSIS = YES;
				CLANG_WARN_STRICT_PROTOTYPES = YES;
				CLANG_WARN_SUSPICIOUS_MOVE = YES;
				CLANG_WARN_UNGUARDED_AVAILABILITY = YES_AGGRESSIVE;
				CLANG_WARN_UNREACHABLE_CODE = YES;
				CLANG_WARN__DUPLICATE_METHOD_MATCH = YES;
				CODE_SIGN_IDENTITY = "Mac Developer";
				COPY_PHASE_STRIP = NO;
				DEBUG_INFORMATION_FORMAT = dwarf;
				ENABLE_STRICT_OBJC_MSGSEND = YES;
				ENABLE_TESTABILITY = YES;
				GCC_C_LANGUAGE_STANDARD = gnu11;
				GCC_DYNAMIC_NO_PIC = NO;
				GCC_NO_COMMON_BLOCKS = YES;
				GCC_OPTIMIZATION_LEVEL = 0;
				GCC_PREPROCESSOR_DEFINITIONS = (
					"DEBUG=1",
					"$(inherited)",
				);
				GCC_WARN_64_TO_32_BIT_CONVERSION = YES;
				GCC_WARN_ABOUT_RETURN_TYPE = YES_ERROR;
				GCC_WARN_UNDECLARED_SELECTOR = YES;
				GCC_WARN_UNINITIALIZED_AUTOS = YES_AGGRESSIVE;
				GCC_WARN_UNUSED_FUNCTION = YES;
				GCC_WARN_UNUSED_VARIABLE = YES;
				MACOSX_DEPLOYMENT_TARGET = 10.15;
				MTL_ENABLE_DEBUG_INFO = INCLUDE_SOURCE;
				MTL_FAST_MATH = YES;
				ONLY_ACTIVE_ARCH = YES;
				SDKROOT = macosx;
			};
			name = Debug;
		};
		7795BDCA23890C8400A22D4B /* Release */ = {
			isa = XCBuildConfiguration;
			buildSettings = {
				ALWAYS_SEARCH_USER_PATHS = NO;
				CLANG_ANALYZER_NONNULL = YES;
				CLANG_ANALYZER_NUMBER_OBJECT_CONVERSION = YES_AGGRESSIVE;
				CLANG_CXX_LANGUAGE_STANDARD = "gnu++14";
				CLANG_CXX_LIBRARY = "libc++";
				CLANG_ENABLE_MODULES = YES;
				CLANG_ENABLE_OBJC_ARC = YES;
				CLANG_ENABLE_OBJC_WEAK = YES;
				CLANG_WARN_BLOCK_CAPTURE_AUTORELEASING = YES;
				CLANG_WARN_BOOL_CONVERSION = YES;
				CLANG_WARN_COMMA = YES;
				CLANG_WARN_CONSTANT_CONVERSION = YES;
				CLANG_WARN_DEPRECATED_OBJC_IMPLEMENTATIONS = YES;
				CLANG_WARN_DIRECT_OBJC_ISA_USAGE = YES_ERROR;
				CLANG_WARN_DOCUMENTATION_COMMENTS = YES;
				CLANG_WARN_EMPTY_BODY = YES;
				CLANG_WARN_ENUM_CONVERSION = YES;
				CLANG_WARN_INFINITE_RECURSION = YES;
				CLANG_WARN_INT_CONVERSION = YES;
				CLANG_WARN_NON_LITERAL_NULL_CONVERSION = YES;
				CLANG_WARN_OBJC_IMPLICIT_RETAIN_SELF = YES;
				CLANG_WARN_OBJC_LITERAL_CONVERSION = YES;
				CLANG_WARN_OBJC_ROOT_CLASS = YES_ERROR;
				CLANG_WARN_RANGE_LOOP_ANALYSIS = YES;
				CLANG_WARN_STRICT_PROTOTYPES = YES;
				CLANG_WARN_SUSPICIOUS_MOVE = YES;
				CLANG_WARN_UNGUARDED_AVAILABILITY = YES_AGGRESSIVE;
				CLANG_WARN_UNREACHABLE_CODE = YES;
				CLANG_WARN__DUPLICATE_METHOD_MATCH = YES;
				CODE_SIGN_IDENTITY = "Mac Developer";
				COPY_PHASE_STRIP = NO;
				DEBUG_INFORMATION_FORMAT = "dwarf-with-dsym";
				ENABLE_NS_ASSERTIONS = NO;
				ENABLE_STRICT_OBJC_MSGSEND = YES;
				GCC_C_LANGUAGE_STANDARD = gnu11;
				GCC_NO_COMMON_BLOCKS = YES;
				GCC_WARN_64_TO_32_BIT_CONVERSION = YES;
				GCC_WARN_ABOUT_RETURN_TYPE = YES_ERROR;
				GCC_WARN_UNDECLARED_SELECTOR = YES;
				GCC_WARN_UNINITIALIZED_AUTOS = YES_AGGRESSIVE;
				GCC_WARN_UNUSED_FUNCTION = YES;
				GCC_WARN_UNUSED_VARIABLE = YES;
				MACOSX_DEPLOYMENT_TARGET = 10.15;
				MTL_ENABLE_DEBUG_INFO = NO;
				MTL_FAST_MATH = YES;
				SDKROOT = macosx;
			};
			name = Release;
		};
		7795BDCC23890C8400A22D4B /* Debug */ = {
			isa = XCBuildConfiguration;
			buildSettings = {
				CODE_SIGN_STYLE = Automatic;
				DEVELOPMENT_TEAM = HA8PQ78LFS;
				PRODUCT_NAME = "$(TARGET_NAME)";
			};
			name = Debug;
		};
		7795BDCD23890C8400A22D4B /* Release */ = {
			isa = XCBuildConfiguration;
			buildSettings = {
				CODE_SIGN_STYLE = Automatic;
				DEVELOPMENT_TEAM = HA8PQ78LFS;
				PRODUCT_NAME = "$(TARGET_NAME)";
			};
			name = Release;
		};
		7795BDF523891C0C00A22D4B /* Debug */ = {
			isa = XCBuildConfiguration;
			buildSettings = {
				CODE_SIGN_STYLE = Automatic;
				COMBINE_HIDPI_IMAGES = YES;
				DEVELOPMENT_TEAM = HA8PQ78LFS;
				INFOPLIST_FILE = "Array Sum OOP Tests/Info.plist";
				LD_RUNPATH_SEARCH_PATHS = (
					"$(inherited)",
					"@executable_path/../Frameworks",
					"@loader_path/../Frameworks",
				);
				PRODUCT_BUNDLE_IDENTIFIER = "terriblegoodday.Array-Sum-OOP-Tests";
				PRODUCT_NAME = "$(TARGET_NAME)";
			};
			name = Debug;
		};
		7795BDF623891C0C00A22D4B /* Release */ = {
			isa = XCBuildConfiguration;
			buildSettings = {
				CODE_SIGN_STYLE = Automatic;
				COMBINE_HIDPI_IMAGES = YES;
				DEVELOPMENT_TEAM = HA8PQ78LFS;
				INFOPLIST_FILE = "Array Sum OOP Tests/Info.plist";
				LD_RUNPATH_SEARCH_PATHS = (
					"$(inherited)",
					"@executable_path/../Frameworks",
					"@loader_path/../Frameworks",
				);
				PRODUCT_BUNDLE_IDENTIFIER = "terriblegoodday.Array-Sum-OOP-Tests";
				PRODUCT_NAME = "$(TARGET_NAME)";
			};
			name = Release;
		};
/* End XCBuildConfiguration section */

/* Begin XCConfigurationList section */
		7795BDBF23890C8400A22D4B /* Build configuration list for PBXProject "Array Sum OOP" */ = {
			isa = XCConfigurationList;
			buildConfigurations = (
				7795BDC923890C8400A22D4B /* Debug */,
				7795BDCA23890C8400A22D4B /* Release */,
			);
			defaultConfigurationIsVisible = 0;
			defaultConfigurationName = Release;
		};
		7795BDCB23890C8400A22D4B /* Build configuration list for PBXNativeTarget "Array Sum OOP" */ = {
			isa = XCConfigurationList;
			buildConfigurations = (
				7795BDCC23890C8400A22D4B /* Debug */,
				7795BDCD23890C8400A22D4B /* Release */,
			);
			defaultConfigurationIsVisible = 0;
			defaultConfigurationName = Release;
		};
		7795BDF423891C0C00A22D4B /* Build configuration list for PBXNativeTarget "Array Sum OOP Tests" */ = {
			isa = XCConfigurationList;
			buildConfigurations = (
				7795BDF523891C0C00A22D4B /* Debug */,
				7795BDF623891C0C00A22D4B /* Release */,
			);
			defaultConfigurationIsVisible = 0;
			defaultConfigurationName = Release;
		};
/* End XCConfigurationList section */
	};
	rootObject = 7795BDBC23890C8400A22D4B /* Project object */;
}
